
Microsoft Visual Studio Solution File, Format Version 12.00
# Visual Studio Version 17
VisualStudioVersion = 17.5.33424.131
MinimumVisualStudioVersion = 10.0.40219.1
Project("{8BC9CEB8-8B4A-11D0-8D11-00A0C91BC942}") = "streamreaderwriter", "streamreaderwriter\streamreaderwriter.vcxproj", "{39C52CDC-863F-4C8D-B824-B593094B7C43}"
EndProject
Project("{8BC9CEB8-8B4A-11D0-8D11-00A0C91BC942}") = "iofilewithpath", "iofilewithpath\iofilewithpath.vcxproj", "{A7F51727-CA74-435F-9640-0173D39F4B20}"
EndProject
Project("{8BC9CEB8-8B4A-11D0-8D11-00A0C91BC942}") = "manualexeption", "manualexeption\manualexeption.vcxproj", "{1C2644B2-8BA4-4C73-8AC1-C3B73830264F}"
EndProject
Project("{8BC9CEB8-8B4A-11D0-8D11-00A0C91BC942}") = "exeptionstandar", "exeptionstandar\exeptionstandar.vcxproj", "{12FBDBA4-06C9-4BF4-B384-94F34099B12D}"
EndProject
Global
	GlobalSection(SolutionConfigurationPlatforms) = preSolution
		Debug|x64 = Debug|x64
		Debug|x86 = Debug|x86
		Release|x64 = Release|x64
		Release|x86 = Release|x86
	EndGlobalSection
	GlobalSection(ProjectConfigurationPlatforms) = postSolution
		{39C52CDC-863F-4C8D-B824-B593094B7C43}.Debug|x64.ActiveCfg = Debug|x64
		{39C52CDC-863F-4C8D-B824-B593094B7C43}.Debug|x64.Build.0 = Debug|x64
		{39C52CDC-863F-4C8D-B824-B593094B7C43}.Debug|x86.ActiveCfg = Debug|Win32
		{39C52CDC-863F-4C8D-B824-B593094B7C43}.Debug|x86.Build.0 = Debug|Win32
		{39C52CDC-863F-4C8D-B824-B593094B7C43}.Release|x64.ActiveCfg = Release|x64
		{39C52CDC-863F-4C8D-B824-B593094B7C43}.Release|x64.Build.0 = Release|x64
		{39C52CDC-863F-4C8D-B824-B593094B7C43}.Release|x86.ActiveCfg = Release|Win32
		{39C52CDC-863F-4C8D-B824-B593094B7C43}.Release|x86.Build.0 = Release|Win32
		{A7F51727-CA74-435F-9640-0173D39F4B20}.Debug|x64.ActiveCfg = Debug|x64
		{A7F51727-CA74-435F-9640-0173D39F4B20}.Debug|x64.Build.0 = Debug|x64
		{A7F51727-CA74-435F-9640-0173D39F4B20}.Debug|x86.ActiveCfg = Debug|Win32
		{A7F51727-CA74-435F-9640-0173D39F4B20}.Debug|x86.Build.0 = Debug|Win32
		{A7F51727-CA74-435F-9640-0173D39F4B20}.Release|x64.ActiveCfg = Release|x64
		{A7F51727-CA74-435F-9640-0173D39F4B20}.Release|x64.Build.0 = Release|x64
		{A7F51727-CA74-435F-9640-0173D39F4B20}.Release|x86.ActiveCfg = Release|Win32
		{A7F51727-CA74-435F-9640-0173D39F4B20}.Release|x86.Build.0 = Release|Win32
		{1C2644B2-8BA4-4C73-8AC1-C3B73830264F}.Debug|x64.ActiveCfg = Debug|x64
		{1C2644B2-8BA4-4C73-8AC1-C3B73830264F}.Debug|x64.Build.0 = Debug|x64
		{1C2644B2-8BA4-4C73-8AC1-C3B73830264F}.Debug|x86.ActiveCfg = Debug|Win32
		{1C2644B2-8BA4-4C73-8AC1-C3B73830264F}.Debug|x86.Build.0 = Debug|Win32
		{1C2644B2-8BA4-4C73-8AC1-C3B73830264F}.Release|x64.ActiveCfg = Release|x64
		{1C2644B2-8BA4-4C73-8AC1-C3B73830264F}.Release|x64.Build.0 = Release|x64
		{1C2644B2-8BA4-4C73-8AC1-C3B73830264F}.Release|x86.ActiveCfg = Release|Win32
		{1C2644B2-8BA4-4C73-8AC1-C3B73830264F}.Release|x86.Build.0 = Release|Win32
		{12FBDBA4-06C9-4BF4-B384-94F34099B12D}.Debug|x64.ActiveCfg = Debug|x64
		{12FBDBA4-06C9-4BF4-B384-94F34099B12D}.Debug|x64.Build.0 = Debug|x64
		{12FBDBA4-06C9-4BF4-B384-94F34099B12D}.Debug|x86.ActiveCfg = Debug|Win32
		{12FBDBA4-06C9-4BF4-B384-94F34099B12D}.Debug|x86.Build.0 = Debug|Win32
		{12FBDBA4-06C9-4BF4-B384-94F34099B12D}.Release|x64.ActiveCfg = Release|x64
		{12FBDBA4-06C9-4BF4-B384-94F34099B12D}.Release|x64.Build.0 = Release|x64
		{12FBDBA4-06C9-4BF4-B384-94F34099B12D}.Release|x86.ActiveCfg = Release|Win32
		{12FBDBA4-06C9-4BF4-B384-94F34099B12D}.Release|x86.Build.0 = Release|Win32
	EndGlobalSection
	GlobalSection(SolutionProperties) = preSolution
		HideSolutionNode = FALSE
	EndGlobalSection
	GlobalSection(ExtensibilityGlobals) = postSolution
		SolutionGuid = {FCE3DBCF-2292-424F-930E-6AB81F72A0B6}
	EndGlobalSection
EndGlobal
